<?xml version="1.0" encoding="utf-8"?>
<Project ToolsVersion="4.0" xmlns="http://schemas.microsoft.com/developer/msbuild/2003">
  <ItemGroup>
    <Filter Include="Source Files">
      <UniqueIdentifier>{4FC737F1-C7A5-4376-A066-2A32D752A2FF}</UniqueIdentifier>
      <Extensions>cpp;c;cc;cxx;c++;cppm;ixx;def;odl;idl;hpj;bat;asm;asmx</Extensions>
    </Filter>
    <Filter Include="Header Files">
      <UniqueIdentifier>{93995380-89BD-4b04-88EB-625FBE52EBFB}</UniqueIdentifier>
      <Extensions>h;hh;hpp;hxx;h++;hm;inl;inc;ipp;xsd</Extensions>
    </Filter>
    <Filter Include="Resource Files">
      <UniqueIdentifier>{67DA6AB6-F800-4c08-8B7A-83BB121AAD01}</UniqueIdentifier>
      <Extensions>rc;ico;cur;bmp;dlg;rc2;rct;bin;rgs;gif;jpg;jpeg;jpe;resx;tiff;tif;png;wav;mfcribbon-ms</Extensions>
    </Filter>
    <Filter Include="Window">
      <UniqueIdentifier>{82b069ff-26d9-4ff8-b9d3-8ceb25ed6b06}</UniqueIdentifier>
    </Filter>
    <Filter Include="Window\Component">
      <UniqueIdentifier>{5957ffd9-dde8-4569-b138-a3d00574704f}</UniqueIdentifier>
    </Filter>
    <Filter Include="Global">
      <UniqueIdentifier>{354a6ab3-e885-4dc5-907d-e2901ea0520b}</UniqueIdentifier>
    </Filter>
    <Filter Include="Design">
      <UniqueIdentifier>{6a1b109e-32a0-4150-89dc-129f4754d746}</UniqueIdentifier>
    </Filter>
    <Filter Include="Character">
      <UniqueIdentifier>{f3f3a957-7b88-4798-9986-87ca8d84e656}</UniqueIdentifier>
    </Filter>
    <Filter Include="Global\ImageProcessing">
      <UniqueIdentifier>{98402358-75b5-4fad-91f2-dfdce7532503}</UniqueIdentifier>
    </Filter>
    <Filter Include="Design\Modules">
      <UniqueIdentifier>{0df9ca81-9686-46fa-8f5f-4e3ae26c70cc}</UniqueIdentifier>
    </Filter>
  </ItemGroup>
  <ItemGroup>
    <ClCompile Include="AdvancedMacroDevices.cpp">
      <Filter>Source Files</Filter>
    </ClCompile>
  </ItemGroup>
  <ItemGroup>
    <None Include="vcpkg.json" />
  </ItemGroup>
  <ItemGroup>
    <ClInclude Include="MainWindow.h">
      <Filter>Window</Filter>
    </ClInclude>
    <ClInclude Include="AppStructure.h">
      <Filter>Window</Filter>
    </ClInclude>
    <ClInclude Include="Window.h">
      <Filter>Window\Component</Filter>
    </ClInclude>
    <ClInclude Include="Text.h">
      <Filter>Window\Component</Filter>
    </ClInclude>
    <ClInclude Include="State.h">
      <Filter>Global</Filter>
    </ClInclude>
    <ClInclude Include="Button.h">
      <Filter>Window\Component</Filter>
    </ClInclude>
    <ClInclude Include="Module.h">
      <Filter>Design</Filter>
    </ClInclude>
    <ClInclude Include="Tech.h">
      <Filter>Design</Filter>
    </ClInclude>
    <ClInclude Include="Skill.h">
      <Filter>Character</Filter>
    </ClInclude>
    <ClInclude Include="Character.h">
      <Filter>Character</Filter>
    </ClInclude>
    <ClInclude Include="Dice.h">
      <Filter>Global</Filter>
    </ClInclude>
    <ClInclude Include="Class.h">
      <Filter>Character</Filter>
    </ClInclude>
    <ClInclude Include="Equivalence.h">
      <Filter>Global</Filter>
    </ClInclude>
    <ClInclude Include="List.h">
      <Filter>Window\Component</Filter>
    </ClInclude>
    <ClInclude Include="Image.h">
      <Filter>Window\Component</Filter>
    </ClInclude>
    <ClInclude Include="CreateCharacter.h">
      <Filter>Window</Filter>
    </ClInclude>
    <ClInclude Include="Paint.h">
      <Filter>Global\ImageProcessing</Filter>
    </ClInclude>
    <ClInclude Include="CpuDesign.h">
      <Filter>Window</Filter>
    </ClInclude>
    <ClInclude Include="Grid.h">
      <Filter>Window\Component</Filter>
    </ClInclude>
    <ClInclude Include="Cpu.h">
      <Filter>Design</Filter>
    </ClInclude>
    <ClInclude Include="CacheController.h">
      <Filter>Design\Modules</Filter>
    </ClInclude>
    <ClInclude Include="CacheBank.h">
      <Filter>Design\Modules</Filter>
    </ClInclude>
    <ClInclude Include="BranchPredictor.h">
      <Filter>Design\Modules</Filter>
    </ClInclude>
    <ClInclude Include="Bus.h">
      <Filter>Design\Modules</Filter>
    </ClInclude>
    <ClInclude Include="UnitTest.h">
      <Filter>Window</Filter>
    </ClInclude>
    <ClInclude Include="ControlUnit.h">
      <Filter>Design\Modules</Filter>
    </ClInclude>
    <ClInclude Include="Alu.h">
      <Filter>Design\Modules</Filter>
    </ClInclude>
  </ItemGroup>
</Project>